
Microsoft Visual Studio Solution File, Format Version 12.00
# Visual Studio Version 16
VisualStudioVersion = 16.0.31112.23
MinimumVisualStudioVersion = 10.0.40219.1
Project("{2150E333-8FDC-42A3-9474-1A3956D46DE8}") = "Services", "Services", "{B64FD742-A460-48CA-8D2C-7D7423BCC6EA}"
EndProject
Project("{2150E333-8FDC-42A3-9474-1A3956D46DE8}") = "Catalog", "Catalog", "{AC53AFA1-C313-42FA-AF87-13377A85F6DB}"
EndProject
Project("{9A19103F-16F7-4668-BE54-9A1E7A4F7556}") = "Catalog.API", "Services\Catalog\Catalog.API\Catalog.API.csproj", "{080B247C-E780-4AD6-8AC3-139DEDC99896}"
EndProject
Project("{E53339B2-1760-4266-BCC7-CA923CBCF16C}") = "docker-compose", "docker-compose.dcproj", "{FD5813A4-EC7A-4C57-8039-72A3B2F463E3}"
EndProject
Project("{2150E333-8FDC-42A3-9474-1A3956D46DE8}") = "Basket", "Basket", "{06997311-9A8C-4924-9C68-D2B79986350E}"
EndProject
Project("{9A19103F-16F7-4668-BE54-9A1E7A4F7556}") = "Basket.API", "Services\Basket\Basket.API\Basket.API.csproj", "{AC3A1F4E-AEF0-4714-8C5A-3561D1467B02}"
EndProject
Project("{2150E333-8FDC-42A3-9474-1A3956D46DE8}") = "Discount", "Discount", "{8E1FBCDB-D732-4675-86A1-751491DF57EC}"
EndProject
Project("{9A19103F-16F7-4668-BE54-9A1E7A4F7556}") = "Discount.API", "Services\Discount\Discount.API\Discount.API.csproj", "{F6B57699-C17F-4473-97E1-57FB93A59CDE}"
EndProject
Project("{9A19103F-16F7-4668-BE54-9A1E7A4F7556}") = "Discount.Grpc", "Services\Discount\Discount.Grpc\Discount.Grpc.csproj", "{CAE6A472-774F-478E-A6A8-06973DE9D4D0}"
EndProject
Project("{2150E333-8FDC-42A3-9474-1A3956D46DE8}") = "Ordering", "Ordering", "{09489E46-28B4-4C21-BD7A-3D429F12BA5E}"
EndProject
Project("{9A19103F-16F7-4668-BE54-9A1E7A4F7556}") = "Ordering.API", "Services\Ordering\Ordering.API\Ordering.API.csproj", "{D573A3CE-E979-4C30-91D1-A8DF64EA76F3}"
EndProject
Project("{9A19103F-16F7-4668-BE54-9A1E7A4F7556}") = "Ordering.Domain", "Services\Ordering\Ordering.Domain\Ordering.Domain.csproj", "{3760AD03-BB27-442C-94EF-2885AC136160}"
EndProject
Project("{9A19103F-16F7-4668-BE54-9A1E7A4F7556}") = "Ordering.Application", "Services\Ordering\Ordering.Application\Ordering.Application.csproj", "{652C0B99-68F7-448E-B58C-1D41866A3308}"
EndProject
Project("{9A19103F-16F7-4668-BE54-9A1E7A4F7556}") = "Ordering.Infrastructure", "Services\Ordering\Ordering.Infrastructure\Ordering.Infrastructure.csproj", "{345EC018-0F07-469F-A123-FCDE1AC985BA}"
EndProject
Project("{2150E333-8FDC-42A3-9474-1A3956D46DE8}") = "BuildingBlocks", "BuildingBlocks", "{72009392-7B96-46DD-B871-8A66CEE9F4A0}"
EndProject
Project("{FAE04EC0-301F-11D3-BF4B-00C04F79EFBC}") = "EventBuss.Messages", "BuildingBlocks\EventBuss.Messages\EventBuss.Messages.csproj", "{F6B82D2D-DB83-470D-BB46-EE3E9BBB5F3B}"
EndProject
Global
	GlobalSection(SolutionConfigurationPlatforms) = preSolution
		Debug|Any CPU = Debug|Any CPU
		Release|Any CPU = Release|Any CPU
	EndGlobalSection
	GlobalSection(ProjectConfigurationPlatforms) = postSolution
		{080B247C-E780-4AD6-8AC3-139DEDC99896}.Debug|Any CPU.ActiveCfg = Debug|Any CPU
		{080B247C-E780-4AD6-8AC3-139DEDC99896}.Debug|Any CPU.Build.0 = Debug|Any CPU
		{080B247C-E780-4AD6-8AC3-139DEDC99896}.Release|Any CPU.ActiveCfg = Release|Any CPU
		{080B247C-E780-4AD6-8AC3-139DEDC99896}.Release|Any CPU.Build.0 = Release|Any CPU
		{FD5813A4-EC7A-4C57-8039-72A3B2F463E3}.Debug|Any CPU.ActiveCfg = Debug|Any CPU
		{FD5813A4-EC7A-4C57-8039-72A3B2F463E3}.Debug|Any CPU.Build.0 = Debug|Any CPU
		{FD5813A4-EC7A-4C57-8039-72A3B2F463E3}.Release|Any CPU.ActiveCfg = Release|Any CPU
		{FD5813A4-EC7A-4C57-8039-72A3B2F463E3}.Release|Any CPU.Build.0 = Release|Any CPU
		{AC3A1F4E-AEF0-4714-8C5A-3561D1467B02}.Debug|Any CPU.ActiveCfg = Debug|Any CPU
		{AC3A1F4E-AEF0-4714-8C5A-3561D1467B02}.Debug|Any CPU.Build.0 = Debug|Any CPU
		{AC3A1F4E-AEF0-4714-8C5A-3561D1467B02}.Release|Any CPU.ActiveCfg = Release|Any CPU
		{AC3A1F4E-AEF0-4714-8C5A-3561D1467B02}.Release|Any CPU.Build.0 = Release|Any CPU
		{F6B57699-C17F-4473-97E1-57FB93A59CDE}.Debug|Any CPU.ActiveCfg = Debug|Any CPU
		{F6B57699-C17F-4473-97E1-57FB93A59CDE}.Debug|Any CPU.Build.0 = Debug|Any CPU
		{F6B57699-C17F-4473-97E1-57FB93A59CDE}.Release|Any CPU.ActiveCfg = Release|Any CPU
		{F6B57699-C17F-4473-97E1-57FB93A59CDE}.Release|Any CPU.Build.0 = Release|Any CPU
		{CAE6A472-774F-478E-A6A8-06973DE9D4D0}.Debug|Any CPU.ActiveCfg = Debug|Any CPU
		{CAE6A472-774F-478E-A6A8-06973DE9D4D0}.Debug|Any CPU.Build.0 = Debug|Any CPU
		{CAE6A472-774F-478E-A6A8-06973DE9D4D0}.Release|Any CPU.ActiveCfg = Release|Any CPU
		{CAE6A472-774F-478E-A6A8-06973DE9D4D0}.Release|Any CPU.Build.0 = Release|Any CPU
		{D573A3CE-E979-4C30-91D1-A8DF64EA76F3}.Debug|Any CPU.ActiveCfg = Debug|Any CPU
		{D573A3CE-E979-4C30-91D1-A8DF64EA76F3}.Debug|Any CPU.Build.0 = Debug|Any CPU
		{D573A3CE-E979-4C30-91D1-A8DF64EA76F3}.Release|Any CPU.ActiveCfg = Release|Any CPU
		{D573A3CE-E979-4C30-91D1-A8DF64EA76F3}.Release|Any CPU.Build.0 = Release|Any CPU
		{3760AD03-BB27-442C-94EF-2885AC136160}.Debug|Any CPU.ActiveCfg = Debug|Any CPU
		{3760AD03-BB27-442C-94EF-2885AC136160}.Debug|Any CPU.Build.0 = Debug|Any CPU
		{3760AD03-BB27-442C-94EF-2885AC136160}.Release|Any CPU.ActiveCfg = Release|Any CPU
		{3760AD03-BB27-442C-94EF-2885AC136160}.Release|Any CPU.Build.0 = Release|Any CPU
		{652C0B99-68F7-448E-B58C-1D41866A3308}.Debug|Any CPU.ActiveCfg = Debug|Any CPU
		{652C0B99-68F7-448E-B58C-1D41866A3308}.Debug|Any CPU.Build.0 = Debug|Any CPU
		{652C0B99-68F7-448E-B58C-1D41866A3308}.Release|Any CPU.ActiveCfg = Release|Any CPU
		{652C0B99-68F7-448E-B58C-1D41866A3308}.Release|Any CPU.Build.0 = Release|Any CPU
		{345EC018-0F07-469F-A123-FCDE1AC985BA}.Debug|Any CPU.ActiveCfg = Debug|Any CPU
		{345EC018-0F07-469F-A123-FCDE1AC985BA}.Debug|Any CPU.Build.0 = Debug|Any CPU
		{345EC018-0F07-469F-A123-FCDE1AC985BA}.Release|Any CPU.ActiveCfg = Release|Any CPU
		{345EC018-0F07-469F-A123-FCDE1AC985BA}.Release|Any CPU.Build.0 = Release|Any CPU
		{F6B82D2D-DB83-470D-BB46-EE3E9BBB5F3B}.Debug|Any CPU.ActiveCfg = Debug|Any CPU
		{F6B82D2D-DB83-470D-BB46-EE3E9BBB5F3B}.Debug|Any CPU.Build.0 = Debug|Any CPU
		{F6B82D2D-DB83-470D-BB46-EE3E9BBB5F3B}.Release|Any CPU.ActiveCfg = Release|Any CPU
		{F6B82D2D-DB83-470D-BB46-EE3E9BBB5F3B}.Release|Any CPU.Build.0 = Release|Any CPU
	EndGlobalSection
	GlobalSection(SolutionProperties) = preSolution
		HideSolutionNode = FALSE
	EndGlobalSection
	GlobalSection(NestedProjects) = preSolution
		{AC53AFA1-C313-42FA-AF87-13377A85F6DB} = {B64FD742-A460-48CA-8D2C-7D7423BCC6EA}
		{080B247C-E780-4AD6-8AC3-139DEDC99896} = {AC53AFA1-C313-42FA-AF87-13377A85F6DB}
		{06997311-9A8C-4924-9C68-D2B79986350E} = {B64FD742-A460-48CA-8D2C-7D7423BCC6EA}
		{AC3A1F4E-AEF0-4714-8C5A-3561D1467B02} = {06997311-9A8C-4924-9C68-D2B79986350E}
		{8E1FBCDB-D732-4675-86A1-751491DF57EC} = {B64FD742-A460-48CA-8D2C-7D7423BCC6EA}
		{F6B57699-C17F-4473-97E1-57FB93A59CDE} = {8E1FBCDB-D732-4675-86A1-751491DF57EC}
		{CAE6A472-774F-478E-A6A8-06973DE9D4D0} = {8E1FBCDB-D732-4675-86A1-751491DF57EC}
		{09489E46-28B4-4C21-BD7A-3D429F12BA5E} = {B64FD742-A460-48CA-8D2C-7D7423BCC6EA}
		{D573A3CE-E979-4C30-91D1-A8DF64EA76F3} = {09489E46-28B4-4C21-BD7A-3D429F12BA5E}
		{3760AD03-BB27-442C-94EF-2885AC136160} = {09489E46-28B4-4C21-BD7A-3D429F12BA5E}
		{652C0B99-68F7-448E-B58C-1D41866A3308} = {09489E46-28B4-4C21-BD7A-3D429F12BA5E}
		{345EC018-0F07-469F-A123-FCDE1AC985BA} = {09489E46-28B4-4C21-BD7A-3D429F12BA5E}
		{F6B82D2D-DB83-470D-BB46-EE3E9BBB5F3B} = {72009392-7B96-46DD-B871-8A66CEE9F4A0}
	EndGlobalSection
	GlobalSection(ExtensibilityGlobals) = postSolution
		SolutionGuid = {D4FA9363-913A-4A8D-8782-ACBA247B8674}
	EndGlobalSection
EndGlobal
